{
  "name": "prepr-nuxt",
  "version": "1.0.0",
  "lockfileVersion": 2,
  "requires": true,
  "packages": {
    "": {
      "name": "prepr-nuxt",
      "version": "1.0.0",
      "license": "ISC",
      "dependencies": {
        "@preprio/nodejs-sdk": "^1.0.0"
      },
      "devDependencies": {
        "prettier": "^2.2.1"
      }
    },
    "node_modules/@preprio/nodejs-sdk": {
      "version": "1.0.0",
      "resolved": "https://registry.npmjs.org/@preprio/nodejs-sdk/-/nodejs-sdk-1.0.0.tgz",
      "integrity": "sha512-r9NpN0GqZ+u3Ba0hBRWed/qJAxv67DtWrYanCF6USyYp1fwVtdSsS0tydXFdpfGxO2rGBbUyTxk8F4jCkSHkTA=="
    },
    "node_modules/prettier": {
      "version": "2.2.1",
      "resolved": "https://registry.npmjs.org/prettier/-/prettier-2.2.1.tgz",
      "integrity": "sha512-PqyhM2yCjg/oKkFPtTGUojv7gnZAoG80ttl45O6x2Ug/rMJw4wcc9k6aaf2hibP7BGVCCM33gZoGjyvt9mm16Q==",
      "dev": true,
      "bin": {
        "prettier": "bin-prettier.js"
      },
      "engines": {
        "node": ">=10.13.0"
      }
    }
  },
  "dependencies": {
    "@preprio/nodejs-sdk": {
      "version": "1.0.0",
      "resolved": "https://registry.npmjs.org/@preprio/nodejs-sdk/-/nodejs-sdk-1.0.0.tgz",
      "integrity": "sha512-r9NpN0GqZ+u3Ba0hBRWed/qJAxv67DtWrYanCF6USyYp1fwVtdSsS0tydXFdpfGxO2rGBbUyTxk8F4jCkSHkTA=="
    },
    "prettier": {
      "version": "2.2.1",
      "resolved": "https://registry.npmjs.org/prettier/-/prettier-2.2.1.tgz",
      "integrity": "sha512-PqyhM2yCjg/oKkFPtTGUojv7gnZAoG80ttl45O6x2Ug/rMJw4wcc9k6aaf2hibP7BGVCCM33gZoGjyvt9mm16Q==",
      "dev": true
    }
  }
}
